// !$*UTF8*$!
{
	archiveVersion = 1;
	classes = {
	};
	objectVersion = 46;
	objects = {

/* Begin PBXBuildFile section */
		AF4D3FBA1BF98050000514F1 /* ProjectTabBarController.m in Sources */ = {isa = PBXBuildFile; fileRef = AF4D3FB91BF98050000514F1 /* ProjectTabBarController.m */; };
		AF4D3FC01BF980E9000514F1 /* ProjectMemberViewController.m in Sources */ = {isa = PBXBuildFile; fileRef = AF4D3FBF1BF980E9000514F1 /* ProjectMemberViewController.m */; };
		AF4D3FC31BF9813E000514F1 /* ProjectDescriptionViewController.m in Sources */ = {isa = PBXBuildFile; fileRef = AF4D3FC21BF9813E000514F1 /* ProjectDescriptionViewController.m */; };
		AF4D3FC61BF9818A000514F1 /* ProjectMessageViewController.m in Sources */ = {isa = PBXBuildFile; fileRef = AF4D3FC51BF9818A000514F1 /* ProjectMessageViewController.m */; };
		BDAEA14A1BF91E9A00A5F480 /* main.m in Sources */ = {isa = PBXBuildFile; fileRef = BDAEA1491BF91E9A00A5F480 /* main.m */; };
		BDAEA14D1BF91E9A00A5F480 /* AppDelegate.m in Sources */ = {isa = PBXBuildFile; fileRef = BDAEA14C1BF91E9A00A5F480 /* AppDelegate.m */; };
		BDAEA1501BF91E9A00A5F480 /* ViewController.m in Sources */ = {isa = PBXBuildFile; fileRef = BDAEA14F1BF91E9A00A5F480 /* ViewController.m */; };
		BDAEA1531BF91E9A00A5F480 /* Main.storyboard in Resources */ = {isa = PBXBuildFile; fileRef = BDAEA1511BF91E9A00A5F480 /* Main.storyboard */; };
		BDAEA1551BF91E9A00A5F480 /* Images.xcassets in Resources */ = {isa = PBXBuildFile; fileRef = BDAEA1541BF91E9A00A5F480 /* Images.xcassets */; };
		BDAEA1581BF91E9A00A5F480 /* LaunchScreen.xib in Resources */ = {isa = PBXBuildFile; fileRef = BDAEA1561BF91E9A00A5F480 /* LaunchScreen.xib */; };
		BDAEA1641BF91E9A00A5F480 /* SiliconMoonTests.m in Sources */ = {isa = PBXBuildFile; fileRef = BDAEA1631BF91E9A00A5F480 /* SiliconMoonTests.m */; };
		BDAEA16F1BF921E200A5F480 /* LoginViewController.m in Sources */ = {isa = PBXBuildFile; fileRef = BDAEA16E1BF921E200A5F480 /* LoginViewController.m */; };
		BDAEA1721BF9225200A5F480 /* WelcomeViewController.m in Sources */ = {isa = PBXBuildFile; fileRef = BDAEA1711BF9225200A5F480 /* WelcomeViewController.m */; };
		BDAEA1751BF9229C00A5F480 /* ProfileViewController.m in Sources */ = {isa = PBXBuildFile; fileRef = BDAEA1741BF9229C00A5F480 /* ProfileViewController.m */; };
		BDAEA1781BF922C100A5F480 /* RegistrationViewController.m in Sources */ = {isa = PBXBuildFile; fileRef = BDAEA1771BF922C100A5F480 /* RegistrationViewController.m */; };
		BDAEA17B1BF9393100A5F480 /* BrowseTabBarController.m in Sources */ = {isa = PBXBuildFile; fileRef = BDAEA17A1BF9393100A5F480 /* BrowseTabBarController.m */; };
		BDAEA17E1BF9395900A5F480 /* CreateProjectViewController.m in Sources */ = {isa = PBXBuildFile; fileRef = BDAEA17D1BF9395900A5F480 /* CreateProjectViewController.m */; };
		BDAEA1811BF93AB100A5F480 /* BrowseProjectsViewController.m in Sources */ = {isa = PBXBuildFile; fileRef = BDAEA1801BF93AB100A5F480 /* BrowseProjectsViewController.m */; };
		BDAEA1841BF93AC200A5F480 /* BrowseDevelopersViewController.m in Sources */ = {isa = PBXBuildFile; fileRef = BDAEA1831BF93AC200A5F480 /* BrowseDevelopersViewController.m */; };
		BDAEA1871BF93AD000A5F480 /* BrowseMentorsViewController.m in Sources */ = {isa = PBXBuildFile; fileRef = BDAEA1861BF93AD000A5F480 /* BrowseMentorsViewController.m */; };
/* End PBXBuildFile section */

/* Begin PBXContainerItemProxy section */
		BDAEA15E1BF91E9A00A5F480 /* PBXContainerItemProxy */ = {
			isa = PBXContainerItemProxy;
			containerPortal = BDAEA13C1BF91E9A00A5F480 /* Project object */;
			proxyType = 1;
			remoteGlobalIDString = BDAEA1431BF91E9A00A5F480;
			remoteInfo = SiliconMoon;
		};
/* End PBXContainerItemProxy section */

/* Begin PBXFileReference section */
		AF4D3FB81BF98050000514F1 /* ProjectTabBarController.h */ = {isa = PBXFileReference; fileEncoding = 4; lastKnownFileType = sourcecode.c.h; path = ProjectTabBarController.h; sourceTree = "<group>"; };
		AF4D3FB91BF98050000514F1 /* ProjectTabBarController.m */ = {isa = PBXFileReference; fileEncoding = 4; lastKnownFileType = sourcecode.c.objc; path = ProjectTabBarController.m; sourceTree = "<group>"; };
		AF4D3FBE1BF980E9000514F1 /* ProjectMemberViewController.h */ = {isa = PBXFileReference; fileEncoding = 4; lastKnownFileType = sourcecode.c.h; path = ProjectMemberViewController.h; sourceTree = "<group>"; };
		AF4D3FBF1BF980E9000514F1 /* ProjectMemberViewController.m */ = {isa = PBXFileReference; fileEncoding = 4; lastKnownFileType = sourcecode.c.objc; path = ProjectMemberViewController.m; sourceTree = "<group>"; };
		AF4D3FC11BF9813E000514F1 /* ProjectDescriptionViewController.h */ = {isa = PBXFileReference; fileEncoding = 4; lastKnownFileType = sourcecode.c.h; path = ProjectDescriptionViewController.h; sourceTree = "<group>"; };
		AF4D3FC21BF9813E000514F1 /* ProjectDescriptionViewController.m */ = {isa = PBXFileReference; fileEncoding = 4; lastKnownFileType = sourcecode.c.objc; path = ProjectDescriptionViewController.m; sourceTree = "<group>"; };
		AF4D3FC41BF9818A000514F1 /* ProjectMessageViewController.h */ = {isa = PBXFileReference; fileEncoding = 4; lastKnownFileType = sourcecode.c.h; path = ProjectMessageViewController.h; sourceTree = "<group>"; };
		AF4D3FC51BF9818A000514F1 /* ProjectMessageViewController.m */ = {isa = PBXFileReference; fileEncoding = 4; lastKnownFileType = sourcecode.c.objc; path = ProjectMessageViewController.m; sourceTree = "<group>"; };
		BDAEA1441BF91E9A00A5F480 /* SiliconMoon.app */ = {isa = PBXFileReference; explicitFileType = wrapper.application; includeInIndex = 0; path = SiliconMoon.app; sourceTree = BUILT_PRODUCTS_DIR; };
		BDAEA1481BF91E9A00A5F480 /* Info.plist */ = {isa = PBXFileReference; lastKnownFileType = text.plist.xml; path = Info.plist; sourceTree = "<group>"; };
		BDAEA1491BF91E9A00A5F480 /* main.m */ = {isa = PBXFileReference; lastKnownFileType = sourcecode.c.objc; path = main.m; sourceTree = "<group>"; };
		BDAEA14B1BF91E9A00A5F480 /* AppDelegate.h */ = {isa = PBXFileReference; lastKnownFileType = sourcecode.c.h; path = AppDelegate.h; sourceTree = "<group>"; };
		BDAEA14C1BF91E9A00A5F480 /* AppDelegate.m */ = {isa = PBXFileReference; lastKnownFileType = sourcecode.c.objc; path = AppDelegate.m; sourceTree = "<group>"; };
		BDAEA14E1BF91E9A00A5F480 /* ViewController.h */ = {isa = PBXFileReference; lastKnownFileType = sourcecode.c.h; path = ViewController.h; sourceTree = "<group>"; };
		BDAEA14F1BF91E9A00A5F480 /* ViewController.m */ = {isa = PBXFileReference; lastKnownFileType = sourcecode.c.objc; path = ViewController.m; sourceTree = "<group>"; };
		BDAEA1521BF91E9A00A5F480 /* Base */ = {isa = PBXFileReference; lastKnownFileType = file.storyboard; name = Base; path = Base.lproj/Main.storyboard; sourceTree = "<group>"; };
		BDAEA1541BF91E9A00A5F480 /* Images.xcassets */ = {isa = PBXFileReference; lastKnownFileType = folder.assetcatalog; path = Images.xcassets; sourceTree = "<group>"; };
		BDAEA1571BF91E9A00A5F480 /* Base */ = {isa = PBXFileReference; lastKnownFileType = file.xib; name = Base; path = Base.lproj/LaunchScreen.xib; sourceTree = "<group>"; };
		BDAEA15D1BF91E9A00A5F480 /* SiliconMoonTests.xctest */ = {isa = PBXFileReference; explicitFileType = wrapper.cfbundle; includeInIndex = 0; path = SiliconMoonTests.xctest; sourceTree = BUILT_PRODUCTS_DIR; };
		BDAEA1621BF91E9A00A5F480 /* Info.plist */ = {isa = PBXFileReference; lastKnownFileType = text.plist.xml; path = Info.plist; sourceTree = "<group>"; };
		BDAEA1631BF91E9A00A5F480 /* SiliconMoonTests.m */ = {isa = PBXFileReference; lastKnownFileType = sourcecode.c.objc; path = SiliconMoonTests.m; sourceTree = "<group>"; };
		BDAEA16D1BF921E200A5F480 /* LoginViewController.h */ = {isa = PBXFileReference; fileEncoding = 4; lastKnownFileType = sourcecode.c.h; path = LoginViewController.h; sourceTree = "<group>"; };
		BDAEA16E1BF921E200A5F480 /* LoginViewController.m */ = {isa = PBXFileReference; fileEncoding = 4; lastKnownFileType = sourcecode.c.objc; path = LoginViewController.m; sourceTree = "<group>"; };
		BDAEA1701BF9225200A5F480 /* WelcomeViewController.h */ = {isa = PBXFileReference; fileEncoding = 4; lastKnownFileType = sourcecode.c.h; path = WelcomeViewController.h; sourceTree = "<group>"; };
		BDAEA1711BF9225200A5F480 /* WelcomeViewController.m */ = {isa = PBXFileReference; fileEncoding = 4; lastKnownFileType = sourcecode.c.objc; path = WelcomeViewController.m; sourceTree = "<group>"; };
		BDAEA1731BF9229C00A5F480 /* ProfileViewController.h */ = {isa = PBXFileReference; fileEncoding = 4; lastKnownFileType = sourcecode.c.h; path = ProfileViewController.h; sourceTree = "<group>"; };
		BDAEA1741BF9229C00A5F480 /* ProfileViewController.m */ = {isa = PBXFileReference; fileEncoding = 4; lastKnownFileType = sourcecode.c.objc; path = ProfileViewController.m; sourceTree = "<group>"; };
		BDAEA1761BF922C100A5F480 /* RegistrationViewController.h */ = {isa = PBXFileReference; fileEncoding = 4; lastKnownFileType = sourcecode.c.h; path = RegistrationViewController.h; sourceTree = "<group>"; };
		BDAEA1771BF922C100A5F480 /* RegistrationViewController.m */ = {isa = PBXFileReference; fileEncoding = 4; lastKnownFileType = sourcecode.c.objc; path = RegistrationViewController.m; sourceTree = "<group>"; };
		BDAEA1791BF9393100A5F480 /* BrowseTabBarController.h */ = {isa = PBXFileReference; fileEncoding = 4; lastKnownFileType = sourcecode.c.h; path = BrowseTabBarController.h; sourceTree = "<group>"; };
		BDAEA17A1BF9393100A5F480 /* BrowseTabBarController.m */ = {isa = PBXFileReference; fileEncoding = 4; lastKnownFileType = sourcecode.c.objc; path = BrowseTabBarController.m; sourceTree = "<group>"; };
		BDAEA17C1BF9395900A5F480 /* CreateProjectViewController.h */ = {isa = PBXFileReference; fileEncoding = 4; lastKnownFileType = sourcecode.c.h; path = CreateProjectViewController.h; sourceTree = "<group>"; };
		BDAEA17D1BF9395900A5F480 /* CreateProjectViewController.m */ = {isa = PBXFileReference; fileEncoding = 4; lastKnownFileType = sourcecode.c.objc; path = CreateProjectViewController.m; sourceTree = "<group>"; };
		BDAEA17F1BF93AB100A5F480 /* BrowseProjectsViewController.h */ = {isa = PBXFileReference; fileEncoding = 4; lastKnownFileType = sourcecode.c.h; path = BrowseProjectsViewController.h; sourceTree = "<group>"; };
		BDAEA1801BF93AB100A5F480 /* BrowseProjectsViewController.m */ = {isa = PBXFileReference; fileEncoding = 4; lastKnownFileType = sourcecode.c.objc; path = BrowseProjectsViewController.m; sourceTree = "<group>"; };
		BDAEA1821BF93AC200A5F480 /* BrowseDevelopersViewController.h */ = {isa = PBXFileReference; fileEncoding = 4; lastKnownFileType = sourcecode.c.h; path = BrowseDevelopersViewController.h; sourceTree = "<group>"; };
		BDAEA1831BF93AC200A5F480 /* BrowseDevelopersViewController.m */ = {isa = PBXFileReference; fileEncoding = 4; lastKnownFileType = sourcecode.c.objc; path = BrowseDevelopersViewController.m; sourceTree = "<group>"; };
		BDAEA1851BF93AD000A5F480 /* BrowseMentorsViewController.h */ = {isa = PBXFileReference; fileEncoding = 4; lastKnownFileType = sourcecode.c.h; path = BrowseMentorsViewController.h; sourceTree = "<group>"; };
		BDAEA1861BF93AD000A5F480 /* BrowseMentorsViewController.m */ = {isa = PBXFileReference; fileEncoding = 4; lastKnownFileType = sourcecode.c.objc; path = BrowseMentorsViewController.m; sourceTree = "<group>"; };
/* End PBXFileReference section */

/* Begin PBXFrameworksBuildPhase section */
		BDAEA1411BF91E9A00A5F480 /* Frameworks */ = {
			isa = PBXFrameworksBuildPhase;
			buildActionMask = 2147483647;
			files = (
			);
			runOnlyForDeploymentPostprocessing = 0;
		};
		BDAEA15A1BF91E9A00A5F480 /* Frameworks */ = {
			isa = PBXFrameworksBuildPhase;
			buildActionMask = 2147483647;
			files = (
			);
			runOnlyForDeploymentPostprocessing = 0;
		};
/* End PBXFrameworksBuildPhase section */

/* Begin PBXGroup section */
		BDAEA13B1BF91E9A00A5F480 = {
			isa = PBXGroup;
			children = (
				BDAEA1461BF91E9A00A5F480 /* SiliconMoon */,
				BDAEA1601BF91E9A00A5F480 /* SiliconMoonTests */,
				BDAEA1451BF91E9A00A5F480 /* Products */,
			);
			sourceTree = "<group>";
		};
		BDAEA1451BF91E9A00A5F480 /* Products */ = {
			isa = PBXGroup;
			children = (
				BDAEA1441BF91E9A00A5F480 /* SiliconMoon.app */,
				BDAEA15D1BF91E9A00A5F480 /* SiliconMoonTests.xctest */,
			);
			name = Products;
			sourceTree = "<group>";
		};
		BDAEA1461BF91E9A00A5F480 /* SiliconMoon */ = {
			isa = PBXGroup;
			children = (
				AF4D3FC41BF9818A000514F1 /* ProjectMessageViewController.h */,
				AF4D3FC51BF9818A000514F1 /* ProjectMessageViewController.m */,
				AF4D3FC11BF9813E000514F1 /* ProjectDescriptionViewController.h */,
				AF4D3FC21BF9813E000514F1 /* ProjectDescriptionViewController.m */,
				AF4D3FBE1BF980E9000514F1 /* ProjectMemberViewController.h */,
				AF4D3FBF1BF980E9000514F1 /* ProjectMemberViewController.m */,
				AF4D3FB81BF98050000514F1 /* ProjectTabBarController.h */,
				AF4D3FB91BF98050000514F1 /* ProjectTabBarController.m */,
				BDAEA14B1BF91E9A00A5F480 /* AppDelegate.h */,
				BDAEA14C1BF91E9A00A5F480 /* AppDelegate.m */,
				BDAEA1701BF9225200A5F480 /* WelcomeViewController.h */,
				BDAEA1711BF9225200A5F480 /* WelcomeViewController.m */,
				BDAEA1731BF9229C00A5F480 /* ProfileViewController.h */,
				BDAEA1741BF9229C00A5F480 /* ProfileViewController.m */,
				BDAEA1761BF922C100A5F480 /* RegistrationViewController.h */,
				BDAEA1771BF922C100A5F480 /* RegistrationViewController.m */,
				BDAEA16D1BF921E200A5F480 /* LoginViewController.h */,
				BDAEA16E1BF921E200A5F480 /* LoginViewController.m */,
				BDAEA17F1BF93AB100A5F480 /* BrowseProjectsViewController.h */,
				BDAEA1801BF93AB100A5F480 /* BrowseProjectsViewController.m */,
				BDAEA1821BF93AC200A5F480 /* BrowseDevelopersViewController.h */,
				BDAEA1831BF93AC200A5F480 /* BrowseDevelopersViewController.m */,
				BDAEA1851BF93AD000A5F480 /* BrowseMentorsViewController.h */,
				BDAEA1861BF93AD000A5F480 /* BrowseMentorsViewController.m */,
				BDAEA14E1BF91E9A00A5F480 /* ViewController.h */,
				BDAEA14F1BF91E9A00A5F480 /* ViewController.m */,
				BDAEA1511BF91E9A00A5F480 /* Main.storyboard */,
				BDAEA1541BF91E9A00A5F480 /* Images.xcassets */,
				BDAEA1561BF91E9A00A5F480 /* LaunchScreen.xib */,
				BDAEA1471BF91E9A00A5F480 /* Supporting Files */,
				BDAEA1791BF9393100A5F480 /* BrowseTabBarController.h */,
				BDAEA17A1BF9393100A5F480 /* BrowseTabBarController.m */,
				BDAEA17C1BF9395900A5F480 /* CreateProjectViewController.h */,
				BDAEA17D1BF9395900A5F480 /* CreateProjectViewController.m */,
			);
			path = SiliconMoon;
			sourceTree = "<group>";
		};
		BDAEA1471BF91E9A00A5F480 /* Supporting Files */ = {
			isa = PBXGroup;
			children = (
				BDAEA1481BF91E9A00A5F480 /* Info.plist */,
				BDAEA1491BF91E9A00A5F480 /* main.m */,
			);
			name = "Supporting Files";
			sourceTree = "<group>";
		};
		BDAEA1601BF91E9A00A5F480 /* SiliconMoonTests */ = {
			isa = PBXGroup;
			children = (
				BDAEA1631BF91E9A00A5F480 /* SiliconMoonTests.m */,
				BDAEA1611BF91E9A00A5F480 /* Supporting Files */,
			);
			path = SiliconMoonTests;
			sourceTree = "<group>";
		};
		BDAEA1611BF91E9A00A5F480 /* Supporting Files */ = {
			isa = PBXGroup;
			children = (
				BDAEA1621BF91E9A00A5F480 /* Info.plist */,
			);
			name = "Supporting Files";
			sourceTree = "<group>";
		};
/* End PBXGroup section */

/* Begin PBXNativeTarget section */
		BDAEA1431BF91E9A00A5F480 /* SiliconMoon */ = {
			isa = PBXNativeTarget;
			buildConfigurationList = BDAEA1671BF91E9A00A5F480 /* Build configuration list for PBXNativeTarget "SiliconMoon" */;
			buildPhases = (
				BDAEA1401BF91E9A00A5F480 /* Sources */,
				BDAEA1411BF91E9A00A5F480 /* Frameworks */,
				BDAEA1421BF91E9A00A5F480 /* Resources */,
			);
			buildRules = (
			);
			dependencies = (
			);
			name = SiliconMoon;
			productName = SiliconMoon;
			productReference = BDAEA1441BF91E9A00A5F480 /* SiliconMoon.app */;
			productType = "com.apple.product-type.application";
		};
		BDAEA15C1BF91E9A00A5F480 /* SiliconMoonTests */ = {
			isa = PBXNativeTarget;
			buildConfigurationList = BDAEA16A1BF91E9A00A5F480 /* Build configuration list for PBXNativeTarget "SiliconMoonTests" */;
			buildPhases = (
				BDAEA1591BF91E9A00A5F480 /* Sources */,
				BDAEA15A1BF91E9A00A5F480 /* Frameworks */,
				BDAEA15B1BF91E9A00A5F480 /* Resources */,
			);
			buildRules = (
			);
			dependencies = (
				BDAEA15F1BF91E9A00A5F480 /* PBXTargetDependency */,
			);
			name = SiliconMoonTests;
			productName = SiliconMoonTests;
			productReference = BDAEA15D1BF91E9A00A5F480 /* SiliconMoonTests.xctest */;
			productType = "com.apple.product-type.bundle.unit-test";
		};
/* End PBXNativeTarget section */

/* Begin PBXProject section */
		BDAEA13C1BF91E9A00A5F480 /* Project object */ = {
			isa = PBXProject;
			attributes = {
				LastUpgradeCheck = 0640;
				ORGANIZATIONNAME = "Hunter Wills";
				TargetAttributes = {
					BDAEA1431BF91E9A00A5F480 = {
						CreatedOnToolsVersion = 6.4;
					};
					BDAEA15C1BF91E9A00A5F480 = {
						CreatedOnToolsVersion = 6.4;
						TestTargetID = BDAEA1431BF91E9A00A5F480;
					};
				};
			};
			buildConfigurationList = BDAEA13F1BF91E9A00A5F480 /* Build configuration list for PBXProject "SiliconMoon" */;
			compatibilityVersion = "Xcode 3.2";
			developmentRegion = English;
			hasScannedForEncodings = 0;
			knownRegions = (
				en,
				Base,
			);
			mainGroup = BDAEA13B1BF91E9A00A5F480;
			productRefGroup = BDAEA1451BF91E9A00A5F480 /* Products */;
			projectDirPath = "";
			projectRoot = "";
			targets = (
				BDAEA1431BF91E9A00A5F480 /* SiliconMoon */,
				BDAEA15C1BF91E9A00A5F480 /* SiliconMoonTests */,
			);
		};
/* End PBXProject section */

/* Begin PBXResourcesBuildPhase section */
		BDAEA1421BF91E9A00A5F480 /* Resources */ = {
			isa = PBXResourcesBuildPhase;
			buildActionMask = 2147483647;
			files = (
				BDAEA1531BF91E9A00A5F480 /* Main.storyboard in Resources */,
				BDAEA1581BF91E9A00A5F480 /* LaunchScreen.xib in Resources */,
				BDAEA1551BF91E9A00A5F480 /* Images.xcassets in Resources */,
			);
			runOnlyForDeploymentPostprocessing = 0;
		};
		BDAEA15B1BF91E9A00A5F480 /* Resources */ = {
			isa = PBXResourcesBuildPhase;
			buildActionMask = 2147483647;
			files = (
			);
			runOnlyForDeploymentPostprocessing = 0;
		};
/* End PBXResourcesBuildPhase section */

/* Begin PBXSourcesBuildPhase section */
		BDAEA1401BF91E9A00A5F480 /* Sources */ = {
			isa = PBXSourcesBuildPhase;
			buildActionMask = 2147483647;
			files = (
				BDAEA1721BF9225200A5F480 /* WelcomeViewController.m in Sources */,
				AF4D3FC31BF9813E000514F1 /* ProjectDescriptionViewController.m in Sources */,
				BDAEA1871BF93AD000A5F480 /* BrowseMentorsViewController.m in Sources */,
				BDAEA17E1BF9395900A5F480 /* CreateProjectViewController.m in Sources */,
				AF4D3FC61BF9818A000514F1 /* ProjectMessageViewController.m in Sources */,
				BDAEA16F1BF921E200A5F480 /* LoginViewController.m in Sources */,
				BDAEA1501BF91E9A00A5F480 /* ViewController.m in Sources */,
				BDAEA1811BF93AB100A5F480 /* BrowseProjectsViewController.m in Sources */,
				BDAEA14D1BF91E9A00A5F480 /* AppDelegate.m in Sources */,
				AF4D3FBA1BF98050000514F1 /* ProjectTabBarController.m in Sources */,
				BDAEA1841BF93AC200A5F480 /* BrowseDevelopersViewController.m in Sources */,
				BDAEA1751BF9229C00A5F480 /* ProfileViewController.m in Sources */,
				BDAEA17B1BF9393100A5F480 /* BrowseTabBarController.m in Sources */,
				AF4D3FC01BF980E9000514F1 /* ProjectMemberViewController.m in Sources */,
				BDAEA14A1BF91E9A00A5F480 /* main.m in Sources */,
				BDAEA1781BF922C100A5F480 /* RegistrationViewController.m in Sources */,
			);
			runOnlyForDeploymentPostprocessing = 0;
		};
		BDAEA1591BF91E9A00A5F480 /* Sources */ = {
			isa = PBXSourcesBuildPhase;
			buildActionMask = 2147483647;
			files = (
				BDAEA1641BF91E9A00A5F480 /* SiliconMoonTests.m in Sources */,
			);
			runOnlyForDeploymentPostprocessing = 0;
		};
/* End PBXSourcesBuildPhase section */

/* Begin PBXTargetDependency section */
		BDAEA15F1BF91E9A00A5F480 /* PBXTargetDependency */ = {
			isa = PBXTargetDependency;
			target = BDAEA1431BF91E9A00A5F480 /* SiliconMoon */;
			targetProxy = BDAEA15E1BF91E9A00A5F480 /* PBXContainerItemProxy */;
		};
/* End PBXTargetDependency section */

/* Begin PBXVariantGroup section */
		BDAEA1511BF91E9A00A5F480 /* Main.storyboard */ = {
			isa = PBXVariantGroup;
			children = (
				BDAEA1521BF91E9A00A5F480 /* Base */,
			);
			name = Main.storyboard;
			sourceTree = "<group>";
		};
		BDAEA1561BF91E9A00A5F480 /* LaunchScreen.xib */ = {
			isa = PBXVariantGroup;
			children = (
				BDAEA1571BF91E9A00A5F480 /* Base */,
			);
			name = LaunchScreen.xib;
			sourceTree = "<group>";
		};
/* End PBXVariantGroup section */

/* Begin XCBuildConfiguration section */
		BDAEA1651BF91E9A00A5F480 /* Debug */ = {
			isa = XCBuildConfiguration;
			buildSettings = {
				ALWAYS_SEARCH_USER_PATHS = NO;
				CLANG_CXX_LANGUAGE_STANDARD = "gnu++0x";
				CLANG_CXX_LIBRARY = "libc++";
				CLANG_ENABLE_MODULES = YES;
				CLANG_ENABLE_OBJC_ARC = YES;
				CLANG_WARN_BOOL_CONVERSION = YES;
				CLANG_WARN_CONSTANT_CONVERSION = YES;
				CLANG_WARN_DIRECT_OBJC_ISA_USAGE = YES_ERROR;
				CLANG_WARN_EMPTY_BODY = YES;
				CLANG_WARN_ENUM_CONVERSION = YES;
				CLANG_WARN_INT_CONVERSION = YES;
				CLANG_WARN_OBJC_ROOT_CLASS = YES_ERROR;
				CLANG_WARN_UNREACHABLE_CODE = YES;
				CLANG_WARN__DUPLICATE_METHOD_MATCH = YES;
				"CODE_SIGN_IDENTITY[sdk=iphoneos*]" = "iPhone Developer";
				COPY_PHASE_STRIP = NO;
				DEBUG_INFORMATION_FORMAT = "dwarf-with-dsym";
				ENABLE_STRICT_OBJC_MSGSEND = YES;
				GCC_C_LANGUAGE_STANDARD = gnu99;
				GCC_DYNAMIC_NO_PIC = NO;
				GCC_NO_COMMON_BLOCKS = YES;
				GCC_OPTIMIZATION_LEVEL = 0;
				GCC_PREPROCESSOR_DEFINITIONS = (
					"DEBUG=1",
					"$(inherited)",
				);
				GCC_SYMBOLS_PRIVATE_EXTERN = NO;
				GCC_WARN_64_TO_32_BIT_CONVERSION = YES;
				GCC_WARN_ABOUT_RETURN_TYPE = YES_ERROR;
				GCC_WARN_UNDECLARED_SELECTOR = YES;
				GCC_WARN_UNINITIALIZED_AUTOS = YES_AGGRESSIVE;
				GCC_WARN_UNUSED_FUNCTION = YES;
				GCC_WARN_UNUSED_VARIABLE = YES;
				IPHONEOS_DEPLOYMENT_TARGET = 8.4;
				MTL_ENABLE_DEBUG_INFO = YES;
				ONLY_ACTIVE_ARCH = YES;
				SDKROOT = iphoneos;
				TARGETED_DEVICE_FAMILY = "1,2";
			};
			name = Debug;
		};
		BDAEA1661BF91E9A00A5F480 /* Release */ = {
			isa = XCBuildConfiguration;
			buildSettings = {
				ALWAYS_SEARCH_USER_PATHS = NO;
				CLANG_CXX_LANGUAGE_STANDARD = "gnu++0x";
				CLANG_CXX_LIBRARY = "libc++";
				CLANG_ENABLE_MODULES = YES;
				CLANG_ENABLE_OBJC_ARC = YES;
				CLANG_WARN_BOOL_CONVERSION = YES;
				CLANG_WARN_CONSTANT_CONVERSION = YES;
				CLANG_WARN_DIRECT_OBJC_ISA_USAGE = YES_ERROR;
				CLANG_WARN_EMPTY_BODY = YES;
				CLANG_WARN_ENUM_CONVERSION = YES;
				CLANG_WARN_INT_CONVERSION = YES;
				CLANG_WARN_OBJC_ROOT_CLASS = YES_ERROR;
				CLANG_WARN_UNREACHABLE_CODE = YES;
				CLANG_WARN__DUPLICATE_METHOD_MATCH = YES;
				"CODE_SIGN_IDENTITY[sdk=iphoneos*]" = "iPhone Developer";
				COPY_PHASE_STRIP = NO;
				DEBUG_INFORMATION_FORMAT = "dwarf-with-dsym";
				ENABLE_NS_ASSERTIONS = NO;
				ENABLE_STRICT_OBJC_MSGSEND = YES;
				GCC_C_LANGUAGE_STANDARD = gnu99;
				GCC_NO_COMMON_BLOCKS = YES;
				GCC_WARN_64_TO_32_BIT_CONVERSION = YES;
				GCC_WARN_ABOUT_RETURN_TYPE = YES_ERROR;
				GCC_WARN_UNDECLARED_SELECTOR = YES;
				GCC_WARN_UNINITIALIZED_AUTOS = YES_AGGRESSIVE;
				GCC_WARN_UNUSED_FUNCTION = YES;
				GCC_WARN_UNUSED_VARIABLE = YES;
				IPHONEOS_DEPLOYMENT_TARGET = 8.4;
				MTL_ENABLE_DEBUG_INFO = NO;
				SDKROOT = iphoneos;
				TARGETED_DEVICE_FAMILY = "1,2";
				VALIDATE_PRODUCT = YES;
			};
			name = Release;
		};
		BDAEA1681BF91E9A00A5F480 /* Debug */ = {
			isa = XCBuildConfiguration;
			buildSettings = {
				ASSETCATALOG_COMPILER_APPICON_NAME = AppIcon;
				INFOPLIST_FILE = SiliconMoon/Info.plist;
				LD_RUNPATH_SEARCH_PATHS = "$(inherited) @executable_path/Frameworks";
				PRODUCT_NAME = "$(TARGET_NAME)";
			};
			name = Debug;
		};
		BDAEA1691BF91E9A00A5F480 /* Release */ = {
			isa = XCBuildConfiguration;
			buildSettings = {
				ASSETCATALOG_COMPILER_APPICON_NAME = AppIcon;
				INFOPLIST_FILE = SiliconMoon/Info.plist;
				LD_RUNPATH_SEARCH_PATHS = "$(inherited) @executable_path/Frameworks";
				PRODUCT_NAME = "$(TARGET_NAME)";
			};
			name = Release;
		};
		BDAEA16B1BF91E9A00A5F480 /* Debug */ = {
			isa = XCBuildConfiguration;
			buildSettings = {
				BUNDLE_LOADER = "$(TEST_HOST)";
				FRAMEWORK_SEARCH_PATHS = (
					"$(SDKROOT)/Developer/Library/Frameworks",
					"$(inherited)",
				);
				GCC_PREPROCESSOR_DEFINITIONS = (
					"DEBUG=1",
					"$(inherited)",
				);
				INFOPLIST_FILE = SiliconMoonTests/Info.plist;
				LD_RUNPATH_SEARCH_PATHS = "$(inherited) @executable_path/Frameworks @loader_path/Frameworks";
				PRODUCT_NAME = "$(TARGET_NAME)";
				TEST_HOST = "$(BUILT_PRODUCTS_DIR)/SiliconMoon.app/SiliconMoon";
			};
			name = Debug;
		};
		BDAEA16C1BF91E9A00A5F480 /* Release */ = {
			isa = XCBuildConfiguration;
			buildSettings = {
				BUNDLE_LOADER = "$(TEST_HOST)";
				FRAMEWORK_SEARCH_PATHS = (
					"$(SDKROOT)/Developer/Library/Frameworks",
					"$(inherited)",
				);
				INFOPLIST_FILE = SiliconMoonTests/Info.plist;
				LD_RUNPATH_SEARCH_PATHS = "$(inherited) @executable_path/Frameworks @loader_path/Frameworks";
				PRODUCT_NAME = "$(TARGET_NAME)";
				TEST_HOST = "$(BUILT_PRODUCTS_DIR)/SiliconMoon.app/SiliconMoon";
			};
			name = Release;
		};
/* End XCBuildConfiguration section */

/* Begin XCConfigurationList section */
		BDAEA13F1BF91E9A00A5F480 /* Build configuration list for PBXProject "SiliconMoon" */ = {
			isa = XCConfigurationList;
			buildConfigurations = (
				BDAEA1651BF91E9A00A5F480 /* Debug */,
				BDAEA1661BF91E9A00A5F480 /* Release */,
			);
			defaultConfigurationIsVisible = 0;
			defaultConfigurationName = Release;
		};
		BDAEA1671BF91E9A00A5F480 /* Build configuration list for PBXNativeTarget "SiliconMoon" */ = {
			isa = XCConfigurationList;
			buildConfigurations = (
				BDAEA1681BF91E9A00A5F480 /* Debug */,
				BDAEA1691BF91E9A00A5F480 /* Release */,
			);
			defaultConfigurationIsVisible = 0;
			defaultConfigurationName = Release;
		};
		BDAEA16A1BF91E9A00A5F480 /* Build configuration list for PBXNativeTarget "SiliconMoonTests" */ = {
			isa = XCConfigurationList;
			buildConfigurations = (
				BDAEA16B1BF91E9A00A5F480 /* Debug */,
				BDAEA16C1BF91E9A00A5F480 /* Release */,
			);
			defaultConfigurationIsVisible = 0;
			defaultConfigurationName = Release;
		};
/* End XCConfigurationList section */
	};
	rootObject = BDAEA13C1BF91E9A00A5F480 /* Project object */;
}
